
Microsoft Visual Studio Solution File, Format Version 12.00
# Visual Studio 15
VisualStudioVersion = 15.0.28010.2046
MinimumVisualStudioVersion = 10.0.40219.1
Project("{FAE04EC0-301F-11D3-BF4B-00C04F79EFBC}") = "BMI5.Android", "BMI5\BMI5.Android\BMI5.Android.csproj", "{F9E10FB5-EE8D-4E60-9225-C048214B04AD}"
EndProject
Project("{FAE04EC0-301F-11D3-BF4B-00C04F79EFBC}") = "BMI5.iOS", "BMI5\BMI5.iOS\BMI5.iOS.csproj", "{688D3515-AC58-48A4-A491-1B33620ED5D9}"
EndProject
Project("{FAE04EC0-301F-11D3-BF4B-00C04F79EFBC}") = "BMI5", "BMI5\BMI5\BMI5.csproj", "{8194D0CD-84F7-484C-B672-CF7F81A1BDF3}"
EndProject
Global
	GlobalSection(SolutionConfigurationPlatforms) = preSolution
		Ad-Hoc|Any CPU = Ad-Hoc|Any CPU
		Ad-Hoc|iPhone = Ad-Hoc|iPhone
		Ad-Hoc|iPhoneSimulator = Ad-Hoc|iPhoneSimulator
		AppStore|Any CPU = AppStore|Any CPU
		AppStore|iPhone = AppStore|iPhone
		AppStore|iPhoneSimulator = AppStore|iPhoneSimulator
		Debug|Any CPU = Debug|Any CPU
		Debug|iPhone = Debug|iPhone
		Debug|iPhoneSimulator = Debug|iPhoneSimulator
		Release|Any CPU = Release|Any CPU
		Release|iPhone = Release|iPhone
		Release|iPhoneSimulator = Release|iPhoneSimulator
	EndGlobalSection
	GlobalSection(ProjectConfigurationPlatforms) = postSolution
		{F9E10FB5-EE8D-4E60-9225-C048214B04AD}.Ad-Hoc|Any CPU.ActiveCfg = Release|Any CPU
		{F9E10FB5-EE8D-4E60-9225-C048214B04AD}.Ad-Hoc|Any CPU.Build.0 = Release|Any CPU
		{F9E10FB5-EE8D-4E60-9225-C048214B04AD}.Ad-Hoc|Any CPU.Deploy.0 = Release|Any CPU
		{F9E10FB5-EE8D-4E60-9225-C048214B04AD}.Ad-Hoc|iPhone.ActiveCfg = Release|Any CPU
		{F9E10FB5-EE8D-4E60-9225-C048214B04AD}.Ad-Hoc|iPhone.Build.0 = Release|Any CPU
		{F9E10FB5-EE8D-4E60-9225-C048214B04AD}.Ad-Hoc|iPhone.Deploy.0 = Release|Any CPU
		{F9E10FB5-EE8D-4E60-9225-C048214B04AD}.Ad-Hoc|iPhoneSimulator.ActiveCfg = Release|Any CPU
		{F9E10FB5-EE8D-4E60-9225-C048214B04AD}.Ad-Hoc|iPhoneSimulator.Build.0 = Release|Any CPU
		{F9E10FB5-EE8D-4E60-9225-C048214B04AD}.Ad-Hoc|iPhoneSimulator.Deploy.0 = Release|Any CPU
		{F9E10FB5-EE8D-4E60-9225-C048214B04AD}.AppStore|Any CPU.ActiveCfg = Release|Any CPU
		{F9E10FB5-EE8D-4E60-9225-C048214B04AD}.AppStore|Any CPU.Build.0 = Release|Any CPU
		{F9E10FB5-EE8D-4E60-9225-C048214B04AD}.AppStore|Any CPU.Deploy.0 = Release|Any CPU
		{F9E10FB5-EE8D-4E60-9225-C048214B04AD}.AppStore|iPhone.ActiveCfg = Release|Any CPU
		{F9E10FB5-EE8D-4E60-9225-C048214B04AD}.AppStore|iPhone.Build.0 = Release|Any CPU
		{F9E10FB5-EE8D-4E60-9225-C048214B04AD}.AppStore|iPhone.Deploy.0 = Release|Any CPU
		{F9E10FB5-EE8D-4E60-9225-C048214B04AD}.AppStore|iPhoneSimulator.ActiveCfg = Release|Any CPU
		{F9E10FB5-EE8D-4E60-9225-C048214B04AD}.AppStore|iPhoneSimulator.Build.0 = Release|Any CPU
		{F9E10FB5-EE8D-4E60-9225-C048214B04AD}.AppStore|iPhoneSimulator.Deploy.0 = Release|Any CPU
		{F9E10FB5-EE8D-4E60-9225-C048214B04AD}.Debug|Any CPU.ActiveCfg = Debug|Any CPU
		{F9E10FB5-EE8D-4E60-9225-C048214B04AD}.Debug|Any CPU.Build.0 = Debug|Any CPU
		{F9E10FB5-EE8D-4E60-9225-C048214B04AD}.Debug|Any CPU.Deploy.0 = Debug|Any CPU
		{F9E10FB5-EE8D-4E60-9225-C048214B04AD}.Debug|iPhone.ActiveCfg = Debug|Any CPU
		{F9E10FB5-EE8D-4E60-9225-C048214B04AD}.Debug|iPhone.Build.0 = Debug|Any CPU
		{F9E10FB5-EE8D-4E60-9225-C048214B04AD}.Debug|iPhone.Deploy.0 = Debug|Any CPU
		{F9E10FB5-EE8D-4E60-9225-C048214B04AD}.Debug|iPhoneSimulator.ActiveCfg = Debug|Any CPU
		{F9E10FB5-EE8D-4E60-9225-C048214B04AD}.Debug|iPhoneSimulator.Build.0 = Debug|Any CPU
		{F9E10FB5-EE8D-4E60-9225-C048214B04AD}.Debug|iPhoneSimulator.Deploy.0 = Debug|Any CPU
		{F9E10FB5-EE8D-4E60-9225-C048214B04AD}.Release|Any CPU.ActiveCfg = Release|Any CPU
		{F9E10FB5-EE8D-4E60-9225-C048214B04AD}.Release|Any CPU.Build.0 = Release|Any CPU
		{F9E10FB5-EE8D-4E60-9225-C048214B04AD}.Release|Any CPU.Deploy.0 = Release|Any CPU
		{F9E10FB5-EE8D-4E60-9225-C048214B04AD}.Release|iPhone.ActiveCfg = Release|Any CPU
		{F9E10FB5-EE8D-4E60-9225-C048214B04AD}.Release|iPhone.Build.0 = Release|Any CPU
		{F9E10FB5-EE8D-4E60-9225-C048214B04AD}.Release|iPhone.Deploy.0 = Release|Any CPU
		{F9E10FB5-EE8D-4E60-9225-C048214B04AD}.Release|iPhoneSimulator.ActiveCfg = Release|Any CPU
		{F9E10FB5-EE8D-4E60-9225-C048214B04AD}.Release|iPhoneSimulator.Build.0 = Release|Any CPU
		{F9E10FB5-EE8D-4E60-9225-C048214B04AD}.Release|iPhoneSimulator.Deploy.0 = Release|Any CPU
		{688D3515-AC58-48A4-A491-1B33620ED5D9}.Ad-Hoc|Any CPU.ActiveCfg = Ad-Hoc|iPhone
		{688D3515-AC58-48A4-A491-1B33620ED5D9}.Ad-Hoc|Any CPU.Build.0 = Ad-Hoc|iPhone
		{688D3515-AC58-48A4-A491-1B33620ED5D9}.Ad-Hoc|Any CPU.Deploy.0 = Ad-Hoc|iPhone
		{688D3515-AC58-48A4-A491-1B33620ED5D9}.Ad-Hoc|iPhone.ActiveCfg = Ad-Hoc|iPhone
		{688D3515-AC58-48A4-A491-1B33620ED5D9}.Ad-Hoc|iPhone.Build.0 = Ad-Hoc|iPhone
		{688D3515-AC58-48A4-A491-1B33620ED5D9}.Ad-Hoc|iPhone.Deploy.0 = Ad-Hoc|iPhone
		{688D3515-AC58-48A4-A491-1B33620ED5D9}.Ad-Hoc|iPhoneSimulator.ActiveCfg = Ad-Hoc|iPhoneSimulator
		{688D3515-AC58-48A4-A491-1B33620ED5D9}.Ad-Hoc|iPhoneSimulator.Build.0 = Ad-Hoc|iPhoneSimulator
		{688D3515-AC58-48A4-A491-1B33620ED5D9}.Ad-Hoc|iPhoneSimulator.Deploy.0 = Ad-Hoc|iPhoneSimulator
		{688D3515-AC58-48A4-A491-1B33620ED5D9}.AppStore|Any CPU.ActiveCfg = AppStore|iPhone
		{688D3515-AC58-48A4-A491-1B33620ED5D9}.AppStore|Any CPU.Build.0 = AppStore|iPhone
		{688D3515-AC58-48A4-A491-1B33620ED5D9}.AppStore|Any CPU.Deploy.0 = AppStore|iPhone
		{688D3515-AC58-48A4-A491-1B33620ED5D9}.AppStore|iPhone.ActiveCfg = AppStore|iPhone
		{688D3515-AC58-48A4-A491-1B33620ED5D9}.AppStore|iPhone.Build.0 = AppStore|iPhone
		{688D3515-AC58-48A4-A491-1B33620ED5D9}.AppStore|iPhone.Deploy.0 = AppStore|iPhone
		{688D3515-AC58-48A4-A491-1B33620ED5D9}.AppStore|iPhoneSimulator.ActiveCfg = AppStore|iPhoneSimulator
		{688D3515-AC58-48A4-A491-1B33620ED5D9}.AppStore|iPhoneSimulator.Build.0 = AppStore|iPhoneSimulator
		{688D3515-AC58-48A4-A491-1B33620ED5D9}.AppStore|iPhoneSimulator.Deploy.0 = AppStore|iPhoneSimulator
		{688D3515-AC58-48A4-A491-1B33620ED5D9}.Debug|Any CPU.ActiveCfg = Debug|iPhoneSimulator
		{688D3515-AC58-48A4-A491-1B33620ED5D9}.Debug|Any CPU.Build.0 = Debug|iPhoneSimulator
		{688D3515-AC58-48A4-A491-1B33620ED5D9}.Debug|Any CPU.Deploy.0 = Debug|iPhoneSimulator
		{688D3515-AC58-48A4-A491-1B33620ED5D9}.Debug|iPhone.ActiveCfg = Debug|iPhone
		{688D3515-AC58-48A4-A491-1B33620ED5D9}.Debug|iPhone.Build.0 = Debug|iPhone
		{688D3515-AC58-48A4-A491-1B33620ED5D9}.Debug|iPhone.Deploy.0 = Debug|iPhone
		{688D3515-AC58-48A4-A491-1B33620ED5D9}.Debug|iPhoneSimulator.ActiveCfg = Debug|iPhoneSimulator
		{688D3515-AC58-48A4-A491-1B33620ED5D9}.Debug|iPhoneSimulator.Build.0 = Debug|iPhoneSimulator
		{688D3515-AC58-48A4-A491-1B33620ED5D9}.Debug|iPhoneSimulator.Deploy.0 = Debug|iPhoneSimulator
		{688D3515-AC58-48A4-A491-1B33620ED5D9}.Release|Any CPU.ActiveCfg = Release|iPhone
		{688D3515-AC58-48A4-A491-1B33620ED5D9}.Release|Any CPU.Build.0 = Release|iPhone
		{688D3515-AC58-48A4-A491-1B33620ED5D9}.Release|Any CPU.Deploy.0 = Release|iPhone
		{688D3515-AC58-48A4-A491-1B33620ED5D9}.Release|iPhone.ActiveCfg = Release|iPhone
		{688D3515-AC58-48A4-A491-1B33620ED5D9}.Release|iPhone.Build.0 = Release|iPhone
		{688D3515-AC58-48A4-A491-1B33620ED5D9}.Release|iPhone.Deploy.0 = Release|iPhone
		{688D3515-AC58-48A4-A491-1B33620ED5D9}.Release|iPhoneSimulator.ActiveCfg = Release|iPhoneSimulator
		{688D3515-AC58-48A4-A491-1B33620ED5D9}.Release|iPhoneSimulator.Build.0 = Release|iPhoneSimulator
		{688D3515-AC58-48A4-A491-1B33620ED5D9}.Release|iPhoneSimulator.Deploy.0 = Release|iPhoneSimulator
		{8194D0CD-84F7-484C-B672-CF7F81A1BDF3}.Ad-Hoc|Any CPU.ActiveCfg = Debug|Any CPU
		{8194D0CD-84F7-484C-B672-CF7F81A1BDF3}.Ad-Hoc|Any CPU.Build.0 = Debug|Any CPU
		{8194D0CD-84F7-484C-B672-CF7F81A1BDF3}.Ad-Hoc|Any CPU.Deploy.0 = Debug|Any CPU
		{8194D0CD-84F7-484C-B672-CF7F81A1BDF3}.Ad-Hoc|iPhone.ActiveCfg = Debug|Any CPU
		{8194D0CD-84F7-484C-B672-CF7F81A1BDF3}.Ad-Hoc|iPhone.Build.0 = Debug|Any CPU
		{8194D0CD-84F7-484C-B672-CF7F81A1BDF3}.Ad-Hoc|iPhone.Deploy.0 = Debug|Any CPU
		{8194D0CD-84F7-484C-B672-CF7F81A1BDF3}.Ad-Hoc|iPhoneSimulator.ActiveCfg = Debug|Any CPU
		{8194D0CD-84F7-484C-B672-CF7F81A1BDF3}.Ad-Hoc|iPhoneSimulator.Build.0 = Debug|Any CPU
		{8194D0CD-84F7-484C-B672-CF7F81A1BDF3}.Ad-Hoc|iPhoneSimulator.Deploy.0 = Debug|Any CPU
		{8194D0CD-84F7-484C-B672-CF7F81A1BDF3}.AppStore|Any CPU.ActiveCfg = Debug|Any CPU
		{8194D0CD-84F7-484C-B672-CF7F81A1BDF3}.AppStore|Any CPU.Build.0 = Debug|Any CPU
		{8194D0CD-84F7-484C-B672-CF7F81A1BDF3}.AppStore|Any CPU.Deploy.0 = Debug|Any CPU
		{8194D0CD-84F7-484C-B672-CF7F81A1BDF3}.AppStore|iPhone.ActiveCfg = Debug|Any CPU
		{8194D0CD-84F7-484C-B672-CF7F81A1BDF3}.AppStore|iPhone.Build.0 = Debug|Any CPU
		{8194D0CD-84F7-484C-B672-CF7F81A1BDF3}.AppStore|iPhone.Deploy.0 = Debug|Any CPU
		{8194D0CD-84F7-484C-B672-CF7F81A1BDF3}.AppStore|iPhoneSimulator.ActiveCfg = Debug|Any CPU
		{8194D0CD-84F7-484C-B672-CF7F81A1BDF3}.AppStore|iPhoneSimulator.Build.0 = Debug|Any CPU
		{8194D0CD-84F7-484C-B672-CF7F81A1BDF3}.AppStore|iPhoneSimulator.Deploy.0 = Debug|Any CPU
		{8194D0CD-84F7-484C-B672-CF7F81A1BDF3}.Debug|Any CPU.ActiveCfg = Debug|Any CPU
		{8194D0CD-84F7-484C-B672-CF7F81A1BDF3}.Debug|Any CPU.Build.0 = Debug|Any CPU
		{8194D0CD-84F7-484C-B672-CF7F81A1BDF3}.Debug|Any CPU.Deploy.0 = Debug|Any CPU
		{8194D0CD-84F7-484C-B672-CF7F81A1BDF3}.Debug|iPhone.ActiveCfg = Debug|Any CPU
		{8194D0CD-84F7-484C-B672-CF7F81A1BDF3}.Debug|iPhone.Build.0 = Debug|Any CPU
		{8194D0CD-84F7-484C-B672-CF7F81A1BDF3}.Debug|iPhone.Deploy.0 = Debug|Any CPU
		{8194D0CD-84F7-484C-B672-CF7F81A1BDF3}.Debug|iPhoneSimulator.ActiveCfg = Debug|Any CPU
		{8194D0CD-84F7-484C-B672-CF7F81A1BDF3}.Debug|iPhoneSimulator.Build.0 = Debug|Any CPU
		{8194D0CD-84F7-484C-B672-CF7F81A1BDF3}.Debug|iPhoneSimulator.Deploy.0 = Debug|Any CPU
		{8194D0CD-84F7-484C-B672-CF7F81A1BDF3}.Release|Any CPU.ActiveCfg = Release|Any CPU
		{8194D0CD-84F7-484C-B672-CF7F81A1BDF3}.Release|Any CPU.Build.0 = Release|Any CPU
		{8194D0CD-84F7-484C-B672-CF7F81A1BDF3}.Release|Any CPU.Deploy.0 = Release|Any CPU
		{8194D0CD-84F7-484C-B672-CF7F81A1BDF3}.Release|iPhone.ActiveCfg = Release|Any CPU
		{8194D0CD-84F7-484C-B672-CF7F81A1BDF3}.Release|iPhone.Build.0 = Release|Any CPU
		{8194D0CD-84F7-484C-B672-CF7F81A1BDF3}.Release|iPhone.Deploy.0 = Release|Any CPU
		{8194D0CD-84F7-484C-B672-CF7F81A1BDF3}.Release|iPhoneSimulator.ActiveCfg = Release|Any CPU
		{8194D0CD-84F7-484C-B672-CF7F81A1BDF3}.Release|iPhoneSimulator.Build.0 = Release|Any CPU
		{8194D0CD-84F7-484C-B672-CF7F81A1BDF3}.Release|iPhoneSimulator.Deploy.0 = Release|Any CPU
	EndGlobalSection
	GlobalSection(SolutionProperties) = preSolution
		HideSolutionNode = FALSE
	EndGlobalSection
	GlobalSection(ExtensibilityGlobals) = postSolution
		SolutionGuid = {913F7A9B-BFD7-49CA-9F65-18A5E4982EF7}
	EndGlobalSection
EndGlobal
